// !$*UTF8*$!
{
	archiveVersion = 1;
	classes = {
	};
	objectVersion = 46;
	objects = {

/* Begin PBXBuildFile section */
		CA2E05A39BF34EE6B8FE19C5 /* libPods.a in Frameworks */ = {isa = PBXBuildFile; fileRef = BB2DAD223B544C87A8314AB7 /* libPods.a */; };
		D5023BEC182D6CFE0090BA88 /* LFLoginViewController.m in Sources */ = {isa = PBXBuildFile; fileRef = D5023BEA182D6CFE0090BA88 /* LFLoginViewController.m */; };
		D5023BED182D6CFE0090BA88 /* LFLoginViewController.xib in Resources */ = {isa = PBXBuildFile; fileRef = D5023BEB182D6CFE0090BA88 /* LFLoginViewController.xib */; };
		D5B8B624182D79B100812482 /* sun@2x.png in Resources */ = {isa = PBXBuildFile; fileRef = D5B8B623182D79B100812482 /* sun@2x.png */; };
		D5D1ECFC182D625A0081066D /* Foundation.framework in Frameworks */ = {isa = PBXBuildFile; fileRef = D5D1ECFB182D625A0081066D /* Foundation.framework */; };
		D5D1ECFE182D625A0081066D /* CoreGraphics.framework in Frameworks */ = {isa = PBXBuildFile; fileRef = D5D1ECFD182D625A0081066D /* CoreGraphics.framework */; };
		D5D1ED00182D625A0081066D /* UIKit.framework in Frameworks */ = {isa = PBXBuildFile; fileRef = D5D1ECFF182D625A0081066D /* UIKit.framework */; };
		D5D1ED06182D625A0081066D /* InfoPlist.strings in Resources */ = {isa = PBXBuildFile; fileRef = D5D1ED04182D625A0081066D /* InfoPlist.strings */; };
		D5D1ED08182D625A0081066D /* main.m in Sources */ = {isa = PBXBuildFile; fileRef = D5D1ED07182D625A0081066D /* main.m */; };
		D5D1ED0C182D625A0081066D /* LFAppDelegate.m in Sources */ = {isa = PBXBuildFile; fileRef = D5D1ED0B182D625A0081066D /* LFAppDelegate.m */; };
		D5D1ED0E182D625A0081066D /* Images.xcassets in Resources */ = {isa = PBXBuildFile; fileRef = D5D1ED0D182D625A0081066D /* Images.xcassets */; };
		D5D1ED15182D625A0081066D /* XCTest.framework in Frameworks */ = {isa = PBXBuildFile; fileRef = D5D1ED14182D625A0081066D /* XCTest.framework */; };
		D5D1ED16182D625A0081066D /* Foundation.framework in Frameworks */ = {isa = PBXBuildFile; fileRef = D5D1ECFB182D625A0081066D /* Foundation.framework */; };
		D5D1ED17182D625A0081066D /* UIKit.framework in Frameworks */ = {isa = PBXBuildFile; fileRef = D5D1ECFF182D625A0081066D /* UIKit.framework */; };
		D5D1ED1F182D625A0081066D /* InfoPlist.strings in Resources */ = {isa = PBXBuildFile; fileRef = D5D1ED1D182D625A0081066D /* InfoPlist.strings */; };
		D5D1ED21182D625A0081066D /* LaFoscaTests.m in Sources */ = {isa = PBXBuildFile; fileRef = D5D1ED20182D625A0081066D /* LaFoscaTests.m */; };
/* End PBXBuildFile section */

/* Begin PBXContainerItemProxy section */
		D5D1ED18182D625A0081066D /* PBXContainerItemProxy */ = {
			isa = PBXContainerItemProxy;
			containerPortal = D5D1ECF0182D62590081066D /* Project object */;
			proxyType = 1;
			remoteGlobalIDString = D5D1ECF7182D625A0081066D;
			remoteInfo = LaFosca;
		};
/* End PBXContainerItemProxy section */

/* Begin PBXFileReference section */
		68AB0E8DAE7341019D57DBC5 /* Pods.xcconfig */ = {isa = PBXFileReference; includeInIndex = 1; lastKnownFileType = text.xcconfig; name = Pods.xcconfig; path = Pods/Pods.xcconfig; sourceTree = SOURCE_ROOT; };
		BB2DAD223B544C87A8314AB7 /* libPods.a */ = {isa = PBXFileReference; explicitFileType = archive.ar; includeInIndex = 0; path = libPods.a; sourceTree = BUILT_PRODUCTS_DIR; };
		D5023BE9182D6CFE0090BA88 /* LFLoginViewController.h */ = {isa = PBXFileReference; fileEncoding = 4; lastKnownFileType = sourcecode.c.h; path = LFLoginViewController.h; sourceTree = "<group>"; };
		D5023BEA182D6CFE0090BA88 /* LFLoginViewController.m */ = {isa = PBXFileReference; fileEncoding = 4; lastKnownFileType = sourcecode.c.objc; path = LFLoginViewController.m; sourceTree = "<group>"; };
		D5023BEB182D6CFE0090BA88 /* LFLoginViewController.xib */ = {isa = PBXFileReference; fileEncoding = 4; lastKnownFileType = file.xib; path = LFLoginViewController.xib; sourceTree = "<group>"; };
		D5023BEF182D6F340090BA88 /* utils.h */ = {isa = PBXFileReference; lastKnownFileType = sourcecode.c.h; path = utils.h; sourceTree = "<group>"; };
		D5B8B623182D79B100812482 /* sun@2x.png */ = {isa = PBXFileReference; lastKnownFileType = image.png; path = "sun@2x.png"; sourceTree = "<group>"; };
		D5D1ECF8182D625A0081066D /* LaFosca.app */ = {isa = PBXFileReference; explicitFileType = wrapper.application; includeInIndex = 0; path = LaFosca.app; sourceTree = BUILT_PRODUCTS_DIR; };
		D5D1ECFB182D625A0081066D /* Foundation.framework */ = {isa = PBXFileReference; lastKnownFileType = wrapper.framework; name = Foundation.framework; path = System/Library/Frameworks/Foundation.framework; sourceTree = SDKROOT; };
		D5D1ECFD182D625A0081066D /* CoreGraphics.framework */ = {isa = PBXFileReference; lastKnownFileType = wrapper.framework; name = CoreGraphics.framework; path = System/Library/Frameworks/CoreGraphics.framework; sourceTree = SDKROOT; };
		D5D1ECFF182D625A0081066D /* UIKit.framework */ = {isa = PBXFileReference; lastKnownFileType = wrapper.framework; name = UIKit.framework; path = System/Library/Frameworks/UIKit.framework; sourceTree = SDKROOT; };
		D5D1ED03182D625A0081066D /* LaFosca-Info.plist */ = {isa = PBXFileReference; lastKnownFileType = text.plist.xml; path = "LaFosca-Info.plist"; sourceTree = "<group>"; };
		D5D1ED05182D625A0081066D /* en */ = {isa = PBXFileReference; lastKnownFileType = text.plist.strings; name = en; path = en.lproj/InfoPlist.strings; sourceTree = "<group>"; };
		D5D1ED07182D625A0081066D /* main.m */ = {isa = PBXFileReference; lastKnownFileType = sourcecode.c.objc; path = main.m; sourceTree = "<group>"; };
		D5D1ED09182D625A0081066D /* LaFosca-Prefix.pch */ = {isa = PBXFileReference; lastKnownFileType = sourcecode.c.h; path = "LaFosca-Prefix.pch"; sourceTree = "<group>"; };
		D5D1ED0A182D625A0081066D /* LFAppDelegate.h */ = {isa = PBXFileReference; lastKnownFileType = sourcecode.c.h; path = LFAppDelegate.h; sourceTree = "<group>"; };
		D5D1ED0B182D625A0081066D /* LFAppDelegate.m */ = {isa = PBXFileReference; lastKnownFileType = sourcecode.c.objc; path = LFAppDelegate.m; sourceTree = "<group>"; };
		D5D1ED0D182D625A0081066D /* Images.xcassets */ = {isa = PBXFileReference; lastKnownFileType = folder.assetcatalog; path = Images.xcassets; sourceTree = "<group>"; };
		D5D1ED13182D625A0081066D /* LaFoscaTests.xctest */ = {isa = PBXFileReference; explicitFileType = wrapper.cfbundle; includeInIndex = 0; path = LaFoscaTests.xctest; sourceTree = BUILT_PRODUCTS_DIR; };
		D5D1ED14182D625A0081066D /* XCTest.framework */ = {isa = PBXFileReference; lastKnownFileType = wrapper.framework; name = XCTest.framework; path = Library/Frameworks/XCTest.framework; sourceTree = DEVELOPER_DIR; };
		D5D1ED1C182D625A0081066D /* LaFoscaTests-Info.plist */ = {isa = PBXFileReference; lastKnownFileType = text.plist.xml; path = "LaFoscaTests-Info.plist"; sourceTree = "<group>"; };
		D5D1ED1E182D625A0081066D /* en */ = {isa = PBXFileReference; lastKnownFileType = text.plist.strings; name = en; path = en.lproj/InfoPlist.strings; sourceTree = "<group>"; };
		D5D1ED20182D625A0081066D /* LaFoscaTests.m */ = {isa = PBXFileReference; lastKnownFileType = sourcecode.c.objc; path = LaFoscaTests.m; sourceTree = "<group>"; };
/* End PBXFileReference section */

/* Begin PBXFrameworksBuildPhase section */
		D5D1ECF5182D625A0081066D /* Frameworks */ = {
			isa = PBXFrameworksBuildPhase;
			buildActionMask = 2147483647;
			files = (
				D5D1ECFE182D625A0081066D /* CoreGraphics.framework in Frameworks */,
				D5D1ED00182D625A0081066D /* UIKit.framework in Frameworks */,
				D5D1ECFC182D625A0081066D /* Foundation.framework in Frameworks */,
				CA2E05A39BF34EE6B8FE19C5 /* libPods.a in Frameworks */,
			);
			runOnlyForDeploymentPostprocessing = 0;
		};
		D5D1ED10182D625A0081066D /* Frameworks */ = {
			isa = PBXFrameworksBuildPhase;
			buildActionMask = 2147483647;
			files = (
				D5D1ED15182D625A0081066D /* XCTest.framework in Frameworks */,
				D5D1ED17182D625A0081066D /* UIKit.framework in Frameworks */,
				D5D1ED16182D625A0081066D /* Foundation.framework in Frameworks */,
			);
			runOnlyForDeploymentPostprocessing = 0;
		};
/* End PBXFrameworksBuildPhase section */

/* Begin PBXGroup section */
		D5023BE6182D6CC30090BA88 /* Controllers */ = {
			isa = PBXGroup;
			children = (
				D5D1ED0A182D625A0081066D /* LFAppDelegate.h */,
				D5D1ED0B182D625A0081066D /* LFAppDelegate.m */,
				D5023BE9182D6CFE0090BA88 /* LFLoginViewController.h */,
				D5023BEA182D6CFE0090BA88 /* LFLoginViewController.m */,
			);
			name = Controllers;
			sourceTree = "<group>";
		};
		D5023BE7182D6CD00090BA88 /* Views */ = {
			isa = PBXGroup;
			children = (
				D5023BEB182D6CFE0090BA88 /* LFLoginViewController.xib */,
			);
			name = Views;
			sourceTree = "<group>";
		};
		D5023BE8182D6CD70090BA88 /* Models */ = {
			isa = PBXGroup;
			children = (
			);
			name = Models;
			sourceTree = "<group>";
		};
		D5023BEE182D6F210090BA88 /* Utils */ = {
			isa = PBXGroup;
			children = (
				D5023BEF182D6F340090BA88 /* utils.h */,
			);
			name = Utils;
			sourceTree = "<group>";
		};
		D5B8B622182D79AA00812482 /* Images */ = {
			isa = PBXGroup;
			children = (
				D5B8B623182D79B100812482 /* sun@2x.png */,
			);
			name = Images;
			sourceTree = "<group>";
		};
		D5D1ECEF182D62590081066D = {
			isa = PBXGroup;
			children = (
				D5D1ED01182D625A0081066D /* LaFosca */,
				D5D1ED1A182D625A0081066D /* LaFoscaTests */,
				D5D1ECFA182D625A0081066D /* Frameworks */,
				D5D1ECF9182D625A0081066D /* Products */,
				68AB0E8DAE7341019D57DBC5 /* Pods.xcconfig */,
			);
			sourceTree = "<group>";
		};
		D5D1ECF9182D625A0081066D /* Products */ = {
			isa = PBXGroup;
			children = (
				D5D1ECF8182D625A0081066D /* LaFosca.app */,
				D5D1ED13182D625A0081066D /* LaFoscaTests.xctest */,
			);
			name = Products;
			sourceTree = "<group>";
		};
		D5D1ECFA182D625A0081066D /* Frameworks */ = {
			isa = PBXGroup;
			children = (
				D5D1ECFB182D625A0081066D /* Foundation.framework */,
				D5D1ECFD182D625A0081066D /* CoreGraphics.framework */,
				D5D1ECFF182D625A0081066D /* UIKit.framework */,
				D5D1ED14182D625A0081066D /* XCTest.framework */,
				BB2DAD223B544C87A8314AB7 /* libPods.a */,
			);
			name = Frameworks;
			sourceTree = "<group>";
		};
		D5D1ED01182D625A0081066D /* LaFosca */ = {
			isa = PBXGroup;
			children = (
				D5B8B622182D79AA00812482 /* Images */,
				D5023BEE182D6F210090BA88 /* Utils */,
				D5023BE8182D6CD70090BA88 /* Models */,
				D5023BE6182D6CC30090BA88 /* Controllers */,
				D5023BE7182D6CD00090BA88 /* Views */,
				D5D1ED0D182D625A0081066D /* Images.xcassets */,
				D5D1ED02182D625A0081066D /* Supporting Files */,
			);
			path = LaFosca;
			sourceTree = "<group>";
		};
		D5D1ED02182D625A0081066D /* Supporting Files */ = {
			isa = PBXGroup;
			children = (
				D5D1ED03182D625A0081066D /* LaFosca-Info.plist */,
				D5D1ED04182D625A0081066D /* InfoPlist.strings */,
				D5D1ED07182D625A0081066D /* main.m */,
				D5D1ED09182D625A0081066D /* LaFosca-Prefix.pch */,
			);
			name = "Supporting Files";
			sourceTree = "<group>";
		};
		D5D1ED1A182D625A0081066D /* LaFoscaTests */ = {
			isa = PBXGroup;
			children = (
				D5D1ED20182D625A0081066D /* LaFoscaTests.m */,
				D5D1ED1B182D625A0081066D /* Supporting Files */,
			);
			path = LaFoscaTests;
			sourceTree = "<group>";
		};
		D5D1ED1B182D625A0081066D /* Supporting Files */ = {
			isa = PBXGroup;
			children = (
				D5D1ED1C182D625A0081066D /* LaFoscaTests-Info.plist */,
				D5D1ED1D182D625A0081066D /* InfoPlist.strings */,
			);
			name = "Supporting Files";
			sourceTree = "<group>";
		};
/* End PBXGroup section */

/* Begin PBXNativeTarget section */
		D5D1ECF7182D625A0081066D /* LaFosca */ = {
			isa = PBXNativeTarget;
			buildConfigurationList = D5D1ED24182D625A0081066D /* Build configuration list for PBXNativeTarget "LaFosca" */;
			buildPhases = (
				A53858C60065496CAE4940C6 /* Check Pods Manifest.lock */,
				D5D1ECF4182D625A0081066D /* Sources */,
				D5D1ECF5182D625A0081066D /* Frameworks */,
				D5D1ECF6182D625A0081066D /* Resources */,
				F162AEEA5D774B80ACE307B8 /* Copy Pods Resources */,
			);
			buildRules = (
			);
			dependencies = (
			);
			name = LaFosca;
			productName = LaFosca;
			productReference = D5D1ECF8182D625A0081066D /* LaFosca.app */;
			productType = "com.apple.product-type.application";
		};
		D5D1ED12182D625A0081066D /* LaFoscaTests */ = {
			isa = PBXNativeTarget;
			buildConfigurationList = D5D1ED27182D625A0081066D /* Build configuration list for PBXNativeTarget "LaFoscaTests" */;
			buildPhases = (
				D5D1ED0F182D625A0081066D /* Sources */,
				D5D1ED10182D625A0081066D /* Frameworks */,
				D5D1ED11182D625A0081066D /* Resources */,
			);
			buildRules = (
			);
			dependencies = (
				D5D1ED19182D625A0081066D /* PBXTargetDependency */,
			);
			name = LaFoscaTests;
			productName = LaFoscaTests;
			productReference = D5D1ED13182D625A0081066D /* LaFoscaTests.xctest */;
			productType = "com.apple.product-type.bundle.unit-test";
		};
/* End PBXNativeTarget section */

/* Begin PBXProject section */
		D5D1ECF0182D62590081066D /* Project object */ = {
			isa = PBXProject;
			attributes = {
				CLASSPREFIX = LF;
				LastUpgradeCheck = 0500;
				ORGANIZATIONNAME = "Marc Llucià";
				TargetAttributes = {
					D5D1ED12182D625A0081066D = {
						TestTargetID = D5D1ECF7182D625A0081066D;
					};
				};
			};
			buildConfigurationList = D5D1ECF3182D62590081066D /* Build configuration list for PBXProject "LaFosca" */;
			compatibilityVersion = "Xcode 3.2";
			developmentRegion = English;
			hasScannedForEncodings = 0;
			knownRegions = (
				en,
			);
			mainGroup = D5D1ECEF182D62590081066D;
			productRefGroup = D5D1ECF9182D625A0081066D /* Products */;
			projectDirPath = "";
			projectRoot = "";
			targets = (
				D5D1ECF7182D625A0081066D /* LaFosca */,
				D5D1ED12182D625A0081066D /* LaFoscaTests */,
			);
		};
/* End PBXProject section */

/* Begin PBXResourcesBuildPhase section */
		D5D1ECF6182D625A0081066D /* Resources */ = {
			isa = PBXResourcesBuildPhase;
			buildActionMask = 2147483647;
			files = (
				D5023BED182D6CFE0090BA88 /* LFLoginViewController.xib in Resources */,
				D5B8B624182D79B100812482 /* sun@2x.png in Resources */,
				D5D1ED06182D625A0081066D /* InfoPlist.strings in Resources */,
				D5D1ED0E182D625A0081066D /* Images.xcassets in Resources */,
			);
			runOnlyForDeploymentPostprocessing = 0;
		};
		D5D1ED11182D625A0081066D /* Resources */ = {
			isa = PBXResourcesBuildPhase;
			buildActionMask = 2147483647;
			files = (
				D5D1ED1F182D625A0081066D /* InfoPlist.strings in Resources */,
			);
			runOnlyForDeploymentPostprocessing = 0;
		};
/* End PBXResourcesBuildPhase section */

/* Begin PBXShellScriptBuildPhase section */
		A53858C60065496CAE4940C6 /* Check Pods Manifest.lock */ = {
			isa = PBXShellScriptBuildPhase;
			buildActionMask = 2147483647;
			files = (
			);
			inputPaths = (
			);
			name = "Check Pods Manifest.lock";
			outputPaths = (
			);
			runOnlyForDeploymentPostprocessing = 0;
			shellPath = /bin/sh;
			shellScript = "diff \"${PODS_ROOT}/../Podfile.lock\" \"${PODS_ROOT}/Manifest.lock\" > /dev/null\nif [[ $? != 0 ]] ; then\n    cat << EOM\nerror: The sandbox is not in sync with the Podfile.lock. Run 'pod install' or update your CocoaPods installation.\nEOM\n    exit 1\nfi\n";
			showEnvVarsInLog = 0;
		};
		F162AEEA5D774B80ACE307B8 /* Copy Pods Resources */ = {
			isa = PBXShellScriptBuildPhase;
			buildActionMask = 2147483647;
			files = (
			);
			inputPaths = (
			);
			name = "Copy Pods Resources";
			outputPaths = (
			);
			runOnlyForDeploymentPostprocessing = 0;
			shellPath = /bin/sh;
			shellScript = "\"${SRCROOT}/Pods/Pods-resources.sh\"\n";
			showEnvVarsInLog = 0;
		};
/* End PBXShellScriptBuildPhase section */

/* Begin PBXSourcesBuildPhase section */
		D5D1ECF4182D625A0081066D /* Sources */ = {
			isa = PBXSourcesBuildPhase;
			buildActionMask = 2147483647;
			files = (
				D5D1ED0C182D625A0081066D /* LFAppDelegate.m in Sources */,
				D5D1ED08182D625A0081066D /* main.m in Sources */,
				D5023BEC182D6CFE0090BA88 /* LFLoginViewController.m in Sources */,
			);
			runOnlyForDeploymentPostprocessing = 0;
		};
		D5D1ED0F182D625A0081066D /* Sources */ = {
			isa = PBXSourcesBuildPhase;
			buildActionMask = 2147483647;
			files = (
				D5D1ED21182D625A0081066D /* LaFoscaTests.m in Sources */,
			);
			runOnlyForDeploymentPostprocessing = 0;
		};
/* End PBXSourcesBuildPhase section */

/* Begin PBXTargetDependency section */
		D5D1ED19182D625A0081066D /* PBXTargetDependency */ = {
			isa = PBXTargetDependency;
			target = D5D1ECF7182D625A0081066D /* LaFosca */;
			targetProxy = D5D1ED18182D625A0081066D /* PBXContainerItemProxy */;
		};
/* End PBXTargetDependency section */

/* Begin PBXVariantGroup section */
		D5D1ED04182D625A0081066D /* InfoPlist.strings */ = {
			isa = PBXVariantGroup;
			children = (
				D5D1ED05182D625A0081066D /* en */,
			);
			name = InfoPlist.strings;
			sourceTree = "<group>";
		};
		D5D1ED1D182D625A0081066D /* InfoPlist.strings */ = {
			isa = PBXVariantGroup;
			children = (
				D5D1ED1E182D625A0081066D /* en */,
			);
			name = InfoPlist.strings;
			sourceTree = "<group>";
		};
/* End PBXVariantGroup section */

/* Begin XCBuildConfiguration section */
		D5D1ED22182D625A0081066D /* Debug */ = {
			isa = XCBuildConfiguration;
			buildSettings = {
				ALWAYS_SEARCH_USER_PATHS = NO;
				ARCHS = "$(ARCHS_STANDARD_INCLUDING_64_BIT)";
				CLANG_CXX_LANGUAGE_STANDARD = "gnu++0x";
				CLANG_CXX_LIBRARY = "libc++";
				CLANG_ENABLE_MODULES = YES;
				CLANG_ENABLE_OBJC_ARC = YES;
				CLANG_WARN_BOOL_CONVERSION = YES;
				CLANG_WARN_CONSTANT_CONVERSION = YES;
				CLANG_WARN_DIRECT_OBJC_ISA_USAGE = YES_ERROR;
				CLANG_WARN_EMPTY_BODY = YES;
				CLANG_WARN_ENUM_CONVERSION = YES;
				CLANG_WARN_INT_CONVERSION = YES;
				CLANG_WARN_OBJC_ROOT_CLASS = YES_ERROR;
				CLANG_WARN__DUPLICATE_METHOD_MATCH = YES;
				"CODE_SIGN_IDENTITY[sdk=iphoneos*]" = "iPhone Developer";
				COPY_PHASE_STRIP = NO;
				GCC_C_LANGUAGE_STANDARD = gnu99;
				GCC_DYNAMIC_NO_PIC = NO;
				GCC_OPTIMIZATION_LEVEL = 0;
				GCC_PREPROCESSOR_DEFINITIONS = (
					"DEBUG=1",
					"$(inherited)",
				);
				GCC_SYMBOLS_PRIVATE_EXTERN = NO;
				GCC_WARN_64_TO_32_BIT_CONVERSION = YES;
				GCC_WARN_ABOUT_RETURN_TYPE = YES_ERROR;
				GCC_WARN_UNDECLARED_SELECTOR = YES;
				GCC_WARN_UNINITIALIZED_AUTOS = YES;
				GCC_WARN_UNUSED_FUNCTION = YES;
				GCC_WARN_UNUSED_VARIABLE = YES;
				IPHONEOS_DEPLOYMENT_TARGET = 7.0;
				ONLY_ACTIVE_ARCH = YES;
				SDKROOT = iphoneos;
			};
			name = Debug;
		};
		D5D1ED23182D625A0081066D /* Release */ = {
			isa = XCBuildConfiguration;
			buildSettings = {
				ALWAYS_SEARCH_USER_PATHS = NO;
				ARCHS = "$(ARCHS_STANDARD_INCLUDING_64_BIT)";
				CLANG_CXX_LANGUAGE_STANDARD = "gnu++0x";
				CLANG_CXX_LIBRARY = "libc++";
				CLANG_ENABLE_MODULES = YES;
				CLANG_ENABLE_OBJC_ARC = YES;
				CLANG_WARN_BOOL_CONVERSION = YES;
				CLANG_WARN_CONSTANT_CONVERSION = YES;
				CLANG_WARN_DIRECT_OBJC_ISA_USAGE = YES_ERROR;
				CLANG_WARN_EMPTY_BODY = YES;
				CLANG_WARN_ENUM_CONVERSION = YES;
				CLANG_WARN_INT_CONVERSION = YES;
				CLANG_WARN_OBJC_ROOT_CLASS = YES_ERROR;
				CLANG_WARN__DUPLICATE_METHOD_MATCH = YES;
				"CODE_SIGN_IDENTITY[sdk=iphoneos*]" = "iPhone Developer";
				COPY_PHASE_STRIP = YES;
				ENABLE_NS_ASSERTIONS = NO;
				GCC_C_LANGUAGE_STANDARD = gnu99;
				GCC_WARN_64_TO_32_BIT_CONVERSION = YES;
				GCC_WARN_ABOUT_RETURN_TYPE = YES_ERROR;
				GCC_WARN_UNDECLARED_SELECTOR = YES;
				GCC_WARN_UNINITIALIZED_AUTOS = YES;
				GCC_WARN_UNUSED_FUNCTION = YES;
				GCC_WARN_UNUSED_VARIABLE = YES;
				IPHONEOS_DEPLOYMENT_TARGET = 7.0;
				SDKROOT = iphoneos;
				VALIDATE_PRODUCT = YES;
			};
			name = Release;
		};
		D5D1ED25182D625A0081066D /* Debug */ = {
			isa = XCBuildConfiguration;
			baseConfigurationReference = 68AB0E8DAE7341019D57DBC5 /* Pods.xcconfig */;
			buildSettings = {
				ARCHS = "$(ARCHS_STANDARD)";
				ASSETCATALOG_COMPILER_APPICON_NAME = AppIcon;
				ASSETCATALOG_COMPILER_LAUNCHIMAGE_NAME = LaunchImage;
				CODE_SIGN_IDENTITY = "iPhone Developer: Marc Llucià (GUGNL8S32J)";
				GCC_PRECOMPILE_PREFIX_HEADER = YES;
				GCC_PREFIX_HEADER = "LaFosca/LaFosca-Prefix.pch";
				INFOPLIST_FILE = "LaFosca/LaFosca-Info.plist";
				PRODUCT_NAME = "$(TARGET_NAME)";
				PROVISIONING_PROFILE = "73E02A55-5EA2-4C24-B794-FC3414C4A84B";
				VALID_ARCHS = "armv7 armv7s";
				WRAPPER_EXTENSION = app;
			};
			name = Debug;
		};
		D5D1ED26182D625A0081066D /* Release */ = {
			isa = XCBuildConfiguration;
			baseConfigurationReference = 68AB0E8DAE7341019D57DBC5 /* Pods.xcconfig */;
			buildSettings = {
				ARCHS = "$(ARCHS_STANDARD)";
				ASSETCATALOG_COMPILER_APPICON_NAME = AppIcon;
				ASSETCATALOG_COMPILER_LAUNCHIMAGE_NAME = LaunchImage;
				CODE_SIGN_IDENTITY = "iPhone Developer: Marc Llucià (GUGNL8S32J)";
				GCC_PRECOMPILE_PREFIX_HEADER = YES;
				GCC_PREFIX_HEADER = "LaFosca/LaFosca-Prefix.pch";
				INFOPLIST_FILE = "LaFosca/LaFosca-Info.plist";
				PRODUCT_NAME = "$(TARGET_NAME)";
				PROVISIONING_PROFILE = "73E02A55-5EA2-4C24-B794-FC3414C4A84B";
				VALID_ARCHS = "armv7 armv7s";
				WRAPPER_EXTENSION = app;
			};
			name = Release;
		};
		D5D1ED28182D625A0081066D /* Debug */ = {
			isa = XCBuildConfiguration;
			buildSettings = {
				ARCHS = "$(ARCHS_STANDARD_INCLUDING_64_BIT)";
				BUNDLE_LOADER = "$(BUILT_PRODUCTS_DIR)/LaFosca.app/LaFosca";
				FRAMEWORK_SEARCH_PATHS = (
					"$(SDKROOT)/Developer/Library/Frameworks",
					"$(inherited)",
					"$(DEVELOPER_FRAMEWORKS_DIR)",
				);
				GCC_PRECOMPILE_PREFIX_HEADER = YES;
				GCC_PREFIX_HEADER = "LaFosca/LaFosca-Prefix.pch";
				GCC_PREPROCESSOR_DEFINITIONS = (
					"DEBUG=1",
					"$(inherited)",
				);
				INFOPLIST_FILE = "LaFoscaTests/LaFoscaTests-Info.plist";
				PRODUCT_NAME = "$(TARGET_NAME)";
				TEST_HOST = "$(BUNDLE_LOADER)";
				WRAPPER_EXTENSION = xctest;
			};
			name = Debug;
		};
		D5D1ED29182D625A0081066D /* Release */ = {
			isa = XCBuildConfiguration;
			buildSettings = {
				ARCHS = "$(ARCHS_STANDARD_INCLUDING_64_BIT)";
				BUNDLE_LOADER = "$(BUILT_PRODUCTS_DIR)/LaFosca.app/LaFosca";
				FRAMEWORK_SEARCH_PATHS = (
					"$(SDKROOT)/Developer/Library/Frameworks",
					"$(inherited)",
					"$(DEVELOPER_FRAMEWORKS_DIR)",
				);
				GCC_PRECOMPILE_PREFIX_HEADER = YES;
				GCC_PREFIX_HEADER = "LaFosca/LaFosca-Prefix.pch";
				INFOPLIST_FILE = "LaFoscaTests/LaFoscaTests-Info.plist";
				PRODUCT_NAME = "$(TARGET_NAME)";
				TEST_HOST = "$(BUNDLE_LOADER)";
				WRAPPER_EXTENSION = xctest;
			};
			name = Release;
		};
/* End XCBuildConfiguration section */

/* Begin XCConfigurationList section */
		D5D1ECF3182D62590081066D /* Build configuration list for PBXProject "LaFosca" */ = {
			isa = XCConfigurationList;
			buildConfigurations = (
				D5D1ED22182D625A0081066D /* Debug */,
				D5D1ED23182D625A0081066D /* Release */,
			);
			defaultConfigurationIsVisible = 0;
			defaultConfigurationName = Release;
		};
		D5D1ED24182D625A0081066D /* Build configuration list for PBXNativeTarget "LaFosca" */ = {
			isa = XCConfigurationList;
			buildConfigurations = (
				D5D1ED25182D625A0081066D /* Debug */,
				D5D1ED26182D625A0081066D /* Release */,
			);
			defaultConfigurationIsVisible = 0;
			defaultConfigurationName = Release;
		};
		D5D1ED27182D625A0081066D /* Build configuration list for PBXNativeTarget "LaFoscaTests" */ = {
			isa = XCConfigurationList;
			buildConfigurations = (
				D5D1ED28182D625A0081066D /* Debug */,
				D5D1ED29182D625A0081066D /* Release */,
			);
			defaultConfigurationIsVisible = 0;
			defaultConfigurationName = Release;
		};
/* End XCConfigurationList section */
	};
	rootObject = D5D1ECF0182D62590081066D /* Project object */;
}
